<?xml version="1.0" encoding="utf-8"?>
<Project ToolsVersion="4.0" xmlns="http://schemas.microsoft.com/developer/msbuild/2003">
  <ItemGroup>
    <ClCompile Include="UI\MainWnd.cpp">
      <Filter>UI</Filter>
    </ClCompile>
    <ClCompile Include="stdafx.cpp">
      <Filter>Common</Filter>
    </ClCompile>
    <ClCompile Include="main.cpp">
      <Filter>Common</Filter>
    </ClCompile>
    <ClCompile Include="JSON\json_reader.cpp">
      <Filter>JSON</Filter>
    </ClCompile>
    <ClCompile Include="JSON\json_value.cpp">
      <Filter>JSON</Filter>
    </ClCompile>
    <ClCompile Include="JSON\json_writer.cpp">
      <Filter>JSON</Filter>
    </ClCompile>
    <ClCompile Include="TinyXml\tinystr.cpp">
      <Filter>TinyXML</Filter>
    </ClCompile>
    <ClCompile Include="TinyXml\tinyxml.cpp">
      <Filter>TinyXML</Filter>
    </ClCompile>
    <ClCompile Include="TinyXml\tinyxmlerror.cpp">
      <Filter>TinyXML</Filter>
    </ClCompile>
    <ClCompile Include="TinyXml\tinyxmlparser.cpp">
      <Filter>TinyXML</Filter>
    </ClCompile>
    <ClCompile Include="SQLite\CppSQLite3U.cpp">
      <Filter>SQLite</Filter>
    </ClCompile>
    <ClCompile Include="SQLite\sqlite3.c">
      <Filter>SQLite</Filter>
    </ClCompile>
    <ClCompile Include="Utils\Crypt\TEACrypt.cpp">
      <Filter>Utils\Crypt</Filter>
    </ClCompile>
    <ClCompile Include="Utils\Compress\XZip.cpp">
      <Filter>Utils\Compress</Filter>
    </ClCompile>
    <ClCompile Include="Utils\Hash\crc32.c">
      <Filter>Utils\Hash</Filter>
    </ClCompile>
    <ClCompile Include="Utils\Hash\MD5.cpp">
      <Filter>Utils\Hash</Filter>
    </ClCompile>
    <ClCompile Include="Utils\File\FileStream.cpp">
      <Filter>Utils\File</Filter>
    </ClCompile>
    <ClCompile Include="Utils\File\FileUtil.cpp">
      <Filter>Utils\File</Filter>
    </ClCompile>
    <ClCompile Include="Utils\File\FileVersion.cpp">
      <Filter>Utils\File</Filter>
    </ClCompile>
    <ClCompile Include="Utils\File\FileVersionInfo.cpp">
      <Filter>Utils\File</Filter>
    </ClCompile>
    <ClCompile Include="Utils\Path\WinPath.cpp">
      <Filter>Utils\Path</Filter>
    </ClCompile>
    <ClCompile Include="Utils\System\Kernel32Mod.cpp">
      <Filter>Utils\System</Filter>
    </ClCompile>
    <ClCompile Include="Utils\System\NTHelper.cpp">
      <Filter>Utils\System</Filter>
    </ClCompile>
    <ClCompile Include="Utils\System\ProcessMgr.cpp">
      <Filter>Utils\System</Filter>
    </ClCompile>
    <ClCompile Include="Utils\System\SystemInfo.cpp">
      <Filter>Utils\System</Filter>
    </ClCompile>
    <ClCompile Include="Utils\System\Vista.cpp">
      <Filter>Utils\System</Filter>
    </ClCompile>
    <ClCompile Include="Utils\System\WinWow64.cpp">
      <Filter>Utils\System</Filter>
    </ClCompile>
    <ClCompile Include="Utils\Thread\ThreadPool.cpp">
      <Filter>Utils\Thread</Filter>
    </ClCompile>
    <ClCompile Include="Utils\Thread\ThreadUtil.cpp">
      <Filter>Utils\Thread</Filter>
    </ClCompile>
    <ClCompile Include="Utils\Thread\WinRunnable.cpp">
      <Filter>Utils\Thread</Filter>
    </ClCompile>
    <ClCompile Include="Utils\Thread\WinThread.cpp">
      <Filter>Utils\Thread</Filter>
    </ClCompile>
    <ClCompile Include="Utils\Window\TrayIcon.cpp">
      <Filter>Utils\Window</Filter>
    </ClCompile>
    <ClCompile Include="Utils\MemBuffer.cpp">
      <Filter>Utils</Filter>
    </ClCompile>
    <ClCompile Include="Utils\StringUtil.cpp">
      <Filter>Utils</Filter>
    </ClCompile>
    <ClCompile Include="Utils\Utils.cpp">
      <Filter>Utils</Filter>
    </ClCompile>
    <ClCompile Include="Core\SoftwareManager.cpp">
      <Filter>Core</Filter>
    </ClCompile>
    <ClCompile Include="Utils\Register\RegistryKey.cpp">
      <Filter>Utils\Register</Filter>
    </ClCompile>
    <ClCompile Include="Utils\Log4cplus.cpp">
      <Filter>Utils</Filter>
    </ClCompile>
  </ItemGroup>
  <ItemGroup>
    <ClInclude Include="UI\MainWnd.h">
      <Filter>UI</Filter>
    </ClInclude>
    <ClInclude Include="resource.h">
      <Filter>Resource</Filter>
    </ClInclude>
    <ClInclude Include="stdafx.h">
      <Filter>Common</Filter>
    </ClInclude>
    <ClInclude Include="JSON\autolink.h">
      <Filter>JSON</Filter>
    </ClInclude>
    <ClInclude Include="JSON\config.h">
      <Filter>JSON</Filter>
    </ClInclude>
    <ClInclude Include="JSON\features.h">
      <Filter>JSON</Filter>
    </ClInclude>
    <ClInclude Include="JSON\forwards.h">
      <Filter>JSON</Filter>
    </ClInclude>
    <ClInclude Include="JSON\json.h">
      <Filter>JSON</Filter>
    </ClInclude>
    <ClInclude Include="JSON\json_batchallocator.h">
      <Filter>JSON</Filter>
    </ClInclude>
    <ClInclude Include="JSON\reader.h">
      <Filter>JSON</Filter>
    </ClInclude>
    <ClInclude Include="JSON\value.h">
      <Filter>JSON</Filter>
    </ClInclude>
    <ClInclude Include="JSON\writer.h">
      <Filter>JSON</Filter>
    </ClInclude>
    <ClInclude Include="TinyXml\tinystr.h">
      <Filter>TinyXML</Filter>
    </ClInclude>
    <ClInclude Include="TinyXml\tinyxml.h">
      <Filter>TinyXML</Filter>
    </ClInclude>
    <ClInclude Include="SQLite\CppSQLite3U.h">
      <Filter>SQLite</Filter>
    </ClInclude>
    <ClInclude Include="SQLite\sqlite3.h">
      <Filter>SQLite</Filter>
    </ClInclude>
    <ClInclude Include="SQLite\sqlite3ext.h">
      <Filter>SQLite</Filter>
    </ClInclude>
    <ClInclude Include="Utils\Crypt\TEACrypt.h">
      <Filter>Utils\Crypt</Filter>
    </ClInclude>
    <ClInclude Include="Utils\Compress\XZip.h">
      <Filter>Utils\Compress</Filter>
    </ClInclude>
    <ClInclude Include="Utils\Hash\crc32.h">
      <Filter>Utils\Hash</Filter>
    </ClInclude>
    <ClInclude Include="Utils\Hash\MD5.h">
      <Filter>Utils\Hash</Filter>
    </ClInclude>
    <ClInclude Include="Utils\File\FileStream.h">
      <Filter>Utils\File</Filter>
    </ClInclude>
    <ClInclude Include="Utils\File\FileUtil.h">
      <Filter>Utils\File</Filter>
    </ClInclude>
    <ClInclude Include="Utils\File\FileVersion.h">
      <Filter>Utils\File</Filter>
    </ClInclude>
    <ClInclude Include="Utils\File\FileVersionInfo.h">
      <Filter>Utils\File</Filter>
    </ClInclude>
    <ClInclude Include="Utils\Network\WinHttpDef.h">
      <Filter>Utils\Network</Filter>
    </ClInclude>
    <ClInclude Include="Utils\Path\WinPath.h">
      <Filter>Utils\Path</Filter>
    </ClInclude>
    <ClInclude Include="Utils\System\Kernel32Mod.h">
      <Filter>Utils\System</Filter>
    </ClInclude>
    <ClInclude Include="Utils\System\NTHelper.h">
      <Filter>Utils\System</Filter>
    </ClInclude>
    <ClInclude Include="Utils\System\ProcessMgr.h">
      <Filter>Utils\System</Filter>
    </ClInclude>
    <ClInclude Include="Utils\System\SystemInfo.h">
      <Filter>Utils\System</Filter>
    </ClInclude>
    <ClInclude Include="Utils\System\Vista.h">
      <Filter>Utils\System</Filter>
    </ClInclude>
    <ClInclude Include="Utils\System\WinModule.h">
      <Filter>Utils\System</Filter>
    </ClInclude>
    <ClInclude Include="Utils\System\WinWow64.h">
      <Filter>Utils\System</Filter>
    </ClInclude>
    <ClInclude Include="Utils\Thread\ThreadPool.h">
      <Filter>Utils\Thread</Filter>
    </ClInclude>
    <ClInclude Include="Utils\Thread\ThreadUtil.h">
      <Filter>Utils\Thread</Filter>
    </ClInclude>
    <ClInclude Include="Utils\Thread\WinRunnable.h">
      <Filter>Utils\Thread</Filter>
    </ClInclude>
    <ClInclude Include="Utils\Thread\WinThread.h">
      <Filter>Utils\Thread</Filter>
    </ClInclude>
    <ClInclude Include="Utils\Window\TrayIcon.h">
      <Filter>Utils\Window</Filter>
    </ClInclude>
    <ClInclude Include="Utils\Delegate.h">
      <Filter>Utils</Filter>
    </ClInclude>
    <ClInclude Include="Utils\DelegateTemplate.h">
      <Filter>Utils</Filter>
    </ClInclude>
    <ClInclude Include="Utils\MemBuffer.h">
      <Filter>Utils</Filter>
    </ClInclude>
    <ClInclude Include="Utils\StringUtil.h">
      <Filter>Utils</Filter>
    </ClInclude>
    <ClInclude Include="Utils\Utils.h">
      <Filter>Utils</Filter>
    </ClInclude>
    <ClInclude Include="Core\SoftwareManager.h">
      <Filter>Core</Filter>
    </ClInclude>
    <ClInclude Include="Utils\Register\RegistryKey.h">
      <Filter>Utils\Register</Filter>
    </ClInclude>
    <ClInclude Include="Utils\Register\RegKeyConvertString.h">
      <Filter>Utils\Register</Filter>
    </ClInclude>
    <ClInclude Include="Utils\Log4cplus.h">
      <Filter>Utils</Filter>
    </ClInclude>
  </ItemGroup>
  <ItemGroup>
    <Filter Include="Resource">
      <UniqueIdentifier>{84fd2969-6c0b-46c8-af5f-3ad33155b81e}</UniqueIdentifier>
    </Filter>
    <Filter Include="Utils">
      <UniqueIdentifier>{d128a570-c3de-40e5-9092-f6aa6f27b4d3}</UniqueIdentifier>
    </Filter>
    <Filter Include="UI">
      <UniqueIdentifier>{ed9d4f32-85ac-498b-98b4-196c6e3460ce}</UniqueIdentifier>
    </Filter>
    <Filter Include="Common">
      <UniqueIdentifier>{bb4a02a9-1862-4102-9f07-cdfe1a78aa2c}</UniqueIdentifier>
    </Filter>
    <Filter Include="JSON">
      <UniqueIdentifier>{d98f7734-69c1-440a-9049-cf8c94e3a58d}</UniqueIdentifier>
    </Filter>
    <Filter Include="TinyXML">
      <UniqueIdentifier>{94105689-314d-4644-b6f0-bda7ccc7066c}</UniqueIdentifier>
    </Filter>
    <Filter Include="SQLite">
      <UniqueIdentifier>{e88bf059-e87b-476f-9f0a-b1bb817a11e7}</UniqueIdentifier>
    </Filter>
    <Filter Include="Utils\Crypt">
      <UniqueIdentifier>{7e3837d7-17c0-4e10-a1bf-8360d5ec294a}</UniqueIdentifier>
    </Filter>
    <Filter Include="Utils\Compress">
      <UniqueIdentifier>{dd5f8cc1-5669-4b82-9e06-c7717cf3d4d6}</UniqueIdentifier>
    </Filter>
    <Filter Include="Utils\Hash">
      <UniqueIdentifier>{b4e6ee32-7274-4cd2-b3e2-73c6e77c208c}</UniqueIdentifier>
    </Filter>
    <Filter Include="Utils\File">
      <UniqueIdentifier>{704232bd-71b0-45f6-92b1-da13c52fbe36}</UniqueIdentifier>
    </Filter>
    <Filter Include="Utils\Network">
      <UniqueIdentifier>{1f97f868-2bfc-4caf-88b0-c160ed0be90c}</UniqueIdentifier>
    </Filter>
    <Filter Include="Utils\Path">
      <UniqueIdentifier>{6554b952-2df1-4bd9-aa1f-845370487a76}</UniqueIdentifier>
    </Filter>
    <Filter Include="Utils\System">
      <UniqueIdentifier>{d90aec66-1997-46cc-8786-681aab61dafb}</UniqueIdentifier>
    </Filter>
    <Filter Include="Utils\Thread">
      <UniqueIdentifier>{9448636b-5bf9-470c-ae38-b9f39b424fbb}</UniqueIdentifier>
    </Filter>
    <Filter Include="Utils\Window">
      <UniqueIdentifier>{2ae1ca64-413d-4c82-bfbe-7a6793f3a98d}</UniqueIdentifier>
    </Filter>
    <Filter Include="Core">
      <UniqueIdentifier>{68cb8814-9c5d-4847-8e34-9afe88a6840f}</UniqueIdentifier>
    </Filter>
    <Filter Include="Utils\Register">
      <UniqueIdentifier>{107dfc3b-60b9-4302-987f-37241d833996}</UniqueIdentifier>
    </Filter>
  </ItemGroup>
  <ItemGroup>
    <ResourceCompile Include="DuiPcMgr.rc">
      <Filter>Resource</Filter>
    </ResourceCompile>
  </ItemGroup>
</Project>