
Microsoft Visual Studio Solution File, Format Version 12.00
# Visual Studio 2012
Project("{8BC9CEB8-8B4A-11D0-8D11-00A0C91BC942}") = "log4cplusS", "..\DuiPcMgr\log4cplus-1.1.2-rc2\msvc10\log4cplusS.vcxproj", "{BEC0CD2F-60CD-40E2-A89B-AB10E902F1D5}"
EndProject
Project("{8BC9CEB8-8B4A-11D0-8D11-00A0C91BC942}") = "DuiLib", "..\DuiPcMgr\DuiLib\DuiLib_VS2012.vcxproj", "{E106ACD7-4E53-4AEE-942B-D0DD426DB34E}"
EndProject
Project("{8BC9CEB8-8B4A-11D0-8D11-00A0C91BC942}") = "DuiPcMgr_VS2012", "..\DuiPcMgr\DuiPcMgr_VS2012.vcxproj", "{CBA5CA22-8F0A-4989-85E1-8233754118CA}"
	ProjectSection(ProjectDependencies) = postProject
		{BEC0CD2F-60CD-40E2-A89B-AB10E902F1D5} = {BEC0CD2F-60CD-40E2-A89B-AB10E902F1D5}
		{917836A4-0DDC-47BE-B930-1B3BFDF6C940} = {917836A4-0DDC-47BE-B930-1B3BFDF6C940}
	EndProjectSection
EndProject
Project("{8BC9CEB8-8B4A-11D0-8D11-00A0C91BC942}") = "log4cplus", "..\DuiPcMgr\log4cplus-1.1.2-rc2\msvc10\log4cplus.vcxproj", "{917836A4-0DDC-47BE-B930-1B3BFDF6C940}"
EndProject
Project("{2150E333-8FDC-42A3-9474-1A3956D46DE8}") = "logplus", "logplus", "{F970284D-E60F-4594-AAE9-41F5EB64C8B7}"
EndProject
Global
	GlobalSection(SolutionConfigurationPlatforms) = preSolution
		UnicodeDebug|Win32 = UnicodeDebug|Win32
		UnicodeDebug|x64 = UnicodeDebug|x64
		UnicodeRelease|Win32 = UnicodeRelease|Win32
		UnicodeRelease|x64 = UnicodeRelease|x64
	EndGlobalSection
	GlobalSection(ProjectConfigurationPlatforms) = postSolution
		{BEC0CD2F-60CD-40E2-A89B-AB10E902F1D5}.UnicodeDebug|Win32.ActiveCfg = UnicodeDebug|Win32
		{BEC0CD2F-60CD-40E2-A89B-AB10E902F1D5}.UnicodeDebug|Win32.Build.0 = UnicodeDebug|Win32
		{BEC0CD2F-60CD-40E2-A89B-AB10E902F1D5}.UnicodeDebug|x64.ActiveCfg = UnicodeDebug|x64
		{BEC0CD2F-60CD-40E2-A89B-AB10E902F1D5}.UnicodeDebug|x64.Build.0 = UnicodeDebug|x64
		{BEC0CD2F-60CD-40E2-A89B-AB10E902F1D5}.UnicodeDebug|x64.Deploy.0 = UnicodeDebug|x64
		{BEC0CD2F-60CD-40E2-A89B-AB10E902F1D5}.UnicodeRelease|Win32.ActiveCfg = UnicodeRelease|Win32
		{BEC0CD2F-60CD-40E2-A89B-AB10E902F1D5}.UnicodeRelease|Win32.Build.0 = UnicodeRelease|Win32
		{BEC0CD2F-60CD-40E2-A89B-AB10E902F1D5}.UnicodeRelease|Win32.Deploy.0 = UnicodeRelease|Win32
		{BEC0CD2F-60CD-40E2-A89B-AB10E902F1D5}.UnicodeRelease|x64.ActiveCfg = UnicodeRelease|x64
		{BEC0CD2F-60CD-40E2-A89B-AB10E902F1D5}.UnicodeRelease|x64.Build.0 = UnicodeRelease|x64
		{BEC0CD2F-60CD-40E2-A89B-AB10E902F1D5}.UnicodeRelease|x64.Deploy.0 = UnicodeRelease|x64
		{E106ACD7-4E53-4AEE-942B-D0DD426DB34E}.UnicodeDebug|Win32.ActiveCfg = UnicodeDebug|Win32
		{E106ACD7-4E53-4AEE-942B-D0DD426DB34E}.UnicodeDebug|Win32.Build.0 = UnicodeDebug|Win32
		{E106ACD7-4E53-4AEE-942B-D0DD426DB34E}.UnicodeDebug|x64.ActiveCfg = UnicodeDebug|Win32
		{E106ACD7-4E53-4AEE-942B-D0DD426DB34E}.UnicodeRelease|Win32.ActiveCfg = UnicodeRelease|Win32
		{E106ACD7-4E53-4AEE-942B-D0DD426DB34E}.UnicodeRelease|Win32.Build.0 = UnicodeRelease|Win32
		{E106ACD7-4E53-4AEE-942B-D0DD426DB34E}.UnicodeRelease|Win32.Deploy.0 = UnicodeRelease|Win32
		{E106ACD7-4E53-4AEE-942B-D0DD426DB34E}.UnicodeRelease|x64.ActiveCfg = UnicodeRelease|Win32
		{CBA5CA22-8F0A-4989-85E1-8233754118CA}.UnicodeDebug|Win32.ActiveCfg = UnicodeDebug|Win32
		{CBA5CA22-8F0A-4989-85E1-8233754118CA}.UnicodeDebug|Win32.Build.0 = UnicodeDebug|Win32
		{CBA5CA22-8F0A-4989-85E1-8233754118CA}.UnicodeDebug|x64.ActiveCfg = UnicodeDebug|Win32
		{CBA5CA22-8F0A-4989-85E1-8233754118CA}.UnicodeRelease|Win32.ActiveCfg = UnicodeRelease|Win32
		{CBA5CA22-8F0A-4989-85E1-8233754118CA}.UnicodeRelease|Win32.Build.0 = UnicodeRelease|Win32
		{CBA5CA22-8F0A-4989-85E1-8233754118CA}.UnicodeRelease|Win32.Deploy.0 = UnicodeRelease|Win32
		{CBA5CA22-8F0A-4989-85E1-8233754118CA}.UnicodeRelease|x64.ActiveCfg = UnicodeRelease|Win32
		{917836A4-0DDC-47BE-B930-1B3BFDF6C940}.UnicodeDebug|Win32.ActiveCfg = UnicodeDebug|Win32
		{917836A4-0DDC-47BE-B930-1B3BFDF6C940}.UnicodeDebug|Win32.Build.0 = UnicodeDebug|Win32
		{917836A4-0DDC-47BE-B930-1B3BFDF6C940}.UnicodeDebug|x64.ActiveCfg = Debug|x64
		{917836A4-0DDC-47BE-B930-1B3BFDF6C940}.UnicodeDebug|x64.Build.0 = Debug|x64
		{917836A4-0DDC-47BE-B930-1B3BFDF6C940}.UnicodeDebug|x64.Deploy.0 = Debug|x64
		{917836A4-0DDC-47BE-B930-1B3BFDF6C940}.UnicodeRelease|Win32.ActiveCfg = Release|Win32
		{917836A4-0DDC-47BE-B930-1B3BFDF6C940}.UnicodeRelease|Win32.Build.0 = Release|Win32
		{917836A4-0DDC-47BE-B930-1B3BFDF6C940}.UnicodeRelease|Win32.Deploy.0 = Release|Win32
		{917836A4-0DDC-47BE-B930-1B3BFDF6C940}.UnicodeRelease|x64.ActiveCfg = Release|x64
		{917836A4-0DDC-47BE-B930-1B3BFDF6C940}.UnicodeRelease|x64.Build.0 = Release|x64
		{917836A4-0DDC-47BE-B930-1B3BFDF6C940}.UnicodeRelease|x64.Deploy.0 = Release|x64
	EndGlobalSection
	GlobalSection(SolutionProperties) = preSolution
		HideSolutionNode = FALSE
	EndGlobalSection
	GlobalSection(NestedProjects) = preSolution
		{917836A4-0DDC-47BE-B930-1B3BFDF6C940} = {F970284D-E60F-4594-AAE9-41F5EB64C8B7}
		{BEC0CD2F-60CD-40E2-A89B-AB10E902F1D5} = {F970284D-E60F-4594-AAE9-41F5EB64C8B7}
	EndGlobalSection
EndGlobal
