<?xml version="1.0" encoding="utf-8"?>
<Project ToolsVersion="4.0" xmlns="http://schemas.microsoft.com/developer/msbuild/2003">
  <ItemGroup>
    <Filter Include="Source Files">
      <UniqueIdentifier>{80b3c920-23e1-4b60-89e1-0c28b7f0bd35}</UniqueIdentifier>
      <Extensions>cpp;c;cxx;rc;def;r;odl;idl;hpj;bat</Extensions>
    </Filter>
    <Filter Include="Header Files">
      <UniqueIdentifier>{ab6e0735-bbec-45a2-a586-e205f6e3e3f8}</UniqueIdentifier>
      <Extensions>h;hpp;hxx;hm;inl</Extensions>
    </Filter>
  </ItemGroup>
  <ItemGroup>
    <ClCompile Include="..\log4cplus\src\appender.cxx">
      <Filter>Source Files</Filter>
    </ClCompile>
    <ClCompile Include="..\log4cplus\src\appenderattachableimpl.cxx">
      <Filter>Source Files</Filter>
    </ClCompile>
    <ClCompile Include="..\log4cplus\src\asyncappender.cxx">
      <Filter>Source Files</Filter>
    </ClCompile>
    <ClCompile Include="..\log4cplus\src\clfsappender.cxx">
      <Filter>Source Files</Filter>
    </ClCompile>
    <ClCompile Include="..\log4cplus\src\clogger.cxx">
      <Filter>Source Files</Filter>
    </ClCompile>
    <ClCompile Include="..\log4cplus\src\configurator.cxx">
      <Filter>Source Files</Filter>
    </ClCompile>
    <ClCompile Include="..\log4cplus\src\consoleappender.cxx">
      <Filter>Source Files</Filter>
    </ClCompile>
    <ClCompile Include="..\log4cplus\src\cygwin-win32.cxx">
      <Filter>Source Files</Filter>
    </ClCompile>
    <ClCompile Include="..\log4cplus\src\env.cxx">
      <Filter>Source Files</Filter>
    </ClCompile>
    <ClCompile Include="..\log4cplus\src\factory.cxx">
      <Filter>Source Files</Filter>
    </ClCompile>
    <ClCompile Include="..\log4cplus\src\fileappender.cxx">
      <Filter>Source Files</Filter>
    </ClCompile>
    <ClCompile Include="..\log4cplus\src\fileinfo.cxx">
      <Filter>Source Files</Filter>
    </ClCompile>
    <ClCompile Include="..\log4cplus\src\filter.cxx">
      <Filter>Source Files</Filter>
    </ClCompile>
    <ClCompile Include="..\log4cplus\src\global-init.cxx">
      <Filter>Source Files</Filter>
    </ClCompile>
    <ClCompile Include="..\log4cplus\src\hierarchy.cxx">
      <Filter>Source Files</Filter>
    </ClCompile>
    <ClCompile Include="..\log4cplus\src\hierarchylocker.cxx">
      <Filter>Source Files</Filter>
    </ClCompile>
    <ClCompile Include="..\log4cplus\src\layout.cxx">
      <Filter>Source Files</Filter>
    </ClCompile>
    <ClCompile Include="..\log4cplus\src\lockfile.cxx">
      <Filter>Source Files</Filter>
    </ClCompile>
    <ClCompile Include="..\log4cplus\src\log4judpappender.cxx">
      <Filter>Source Files</Filter>
    </ClCompile>
    <ClCompile Include="..\log4cplus\src\logger.cxx">
      <Filter>Source Files</Filter>
    </ClCompile>
    <ClCompile Include="..\log4cplus\src\loggerimpl.cxx">
      <Filter>Source Files</Filter>
    </ClCompile>
    <ClCompile Include="..\log4cplus\src\loggingevent.cxx">
      <Filter>Source Files</Filter>
    </ClCompile>
    <ClCompile Include="..\log4cplus\src\loggingmacros.cxx">
      <Filter>Source Files</Filter>
    </ClCompile>
    <ClCompile Include="..\log4cplus\src\loglevel.cxx">
      <Filter>Source Files</Filter>
    </ClCompile>
    <ClCompile Include="..\log4cplus\src\loglog.cxx">
      <Filter>Source Files</Filter>
    </ClCompile>
    <ClCompile Include="..\log4cplus\src\logloguser.cxx">
      <Filter>Source Files</Filter>
    </ClCompile>
    <ClCompile Include="..\log4cplus\src\mdc.cxx">
      <Filter>Source Files</Filter>
    </ClCompile>
    <ClCompile Include="..\log4cplus\src\ndc.cxx">
      <Filter>Source Files</Filter>
    </ClCompile>
    <ClCompile Include="..\log4cplus\src\nteventlogappender.cxx">
      <Filter>Source Files</Filter>
    </ClCompile>
    <ClCompile Include="..\log4cplus\src\nullappender.cxx">
      <Filter>Source Files</Filter>
    </ClCompile>
    <ClCompile Include="..\log4cplus\src\objectregistry.cxx">
      <Filter>Source Files</Filter>
    </ClCompile>
    <ClCompile Include="..\log4cplus\src\patternlayout.cxx">
      <Filter>Source Files</Filter>
    </ClCompile>
    <ClCompile Include="..\log4cplus\src\pointer.cxx">
      <Filter>Source Files</Filter>
    </ClCompile>
    <ClCompile Include="..\log4cplus\src\property.cxx">
      <Filter>Source Files</Filter>
    </ClCompile>
    <ClCompile Include="..\log4cplus\src\queue.cxx">
      <Filter>Source Files</Filter>
    </ClCompile>
    <ClCompile Include="..\log4cplus\src\rootlogger.cxx">
      <Filter>Source Files</Filter>
    </ClCompile>
    <ClCompile Include="..\log4cplus\src\sleep.cxx">
      <Filter>Source Files</Filter>
    </ClCompile>
    <ClCompile Include="..\log4cplus\src\snprintf.cxx">
      <Filter>Source Files</Filter>
    </ClCompile>
    <ClCompile Include="..\log4cplus\src\socket-unix.cxx">
      <Filter>Source Files</Filter>
    </ClCompile>
    <ClCompile Include="..\log4cplus\src\socket-win32.cxx">
      <Filter>Source Files</Filter>
    </ClCompile>
    <ClCompile Include="..\log4cplus\src\socket.cxx">
      <Filter>Source Files</Filter>
    </ClCompile>
    <ClCompile Include="..\log4cplus\src\socketappender.cxx">
      <Filter>Source Files</Filter>
    </ClCompile>
    <ClCompile Include="..\log4cplus\src\socketbuffer.cxx">
      <Filter>Source Files</Filter>
    </ClCompile>
    <ClCompile Include="..\log4cplus\src\stringhelper-clocale.cxx">
      <Filter>Source Files</Filter>
    </ClCompile>
    <ClCompile Include="..\log4cplus\src\stringhelper-cxxlocale.cxx">
      <Filter>Source Files</Filter>
    </ClCompile>
    <ClCompile Include="..\log4cplus\src\stringhelper-iconv.cxx">
      <Filter>Source Files</Filter>
    </ClCompile>
    <ClCompile Include="..\log4cplus\src\stringhelper.cxx">
      <Filter>Source Files</Filter>
    </ClCompile>
    <ClCompile Include="..\log4cplus\src\syncprims.cxx">
      <Filter>Source Files</Filter>
    </ClCompile>
    <ClCompile Include="..\log4cplus\src\syslogappender.cxx">
      <Filter>Source Files</Filter>
    </ClCompile>
    <ClCompile Include="..\log4cplus\src\threads.cxx">
      <Filter>Source Files</Filter>
    </ClCompile>
    <ClCompile Include="..\log4cplus\src\timehelper.cxx">
      <Filter>Source Files</Filter>
    </ClCompile>
    <ClCompile Include="..\log4cplus\src\tls.cxx">
      <Filter>Source Files</Filter>
    </ClCompile>
    <ClCompile Include="..\log4cplus\src\version.cxx">
      <Filter>Source Files</Filter>
    </ClCompile>
    <ClCompile Include="..\log4cplus\src\win32consoleappender.cxx">
      <Filter>Source Files</Filter>
    </ClCompile>
    <ClCompile Include="..\log4cplus\src\win32debugappender.cxx">
      <Filter>Source Files</Filter>
    </ClCompile>
  </ItemGroup>
  <ItemGroup>
    <ClInclude Include="..\log4cplus\include\log4cplus\appender.h">
      <Filter>Header Files</Filter>
    </ClInclude>
    <ClInclude Include="..\log4cplus\include\log4cplus\asyncappender.h">
      <Filter>Header Files</Filter>
    </ClInclude>
    <ClInclude Include="..\log4cplus\include\log4cplus\clfsappender.h">
      <Filter>Header Files</Filter>
    </ClInclude>
    <ClInclude Include="..\log4cplus\include\log4cplus\clogger.h">
      <Filter>Header Files</Filter>
    </ClInclude>
    <ClInclude Include="..\log4cplus\include\log4cplus\config.hxx">
      <Filter>Header Files</Filter>
    </ClInclude>
    <ClInclude Include="..\log4cplus\include\log4cplus\configurator.h">
      <Filter>Header Files</Filter>
    </ClInclude>
    <ClInclude Include="..\log4cplus\include\log4cplus\consoleappender.h">
      <Filter>Header Files</Filter>
    </ClInclude>
    <ClInclude Include="..\log4cplus\include\log4cplus\fileappender.h">
      <Filter>Header Files</Filter>
    </ClInclude>
    <ClInclude Include="..\log4cplus\include\log4cplus\fstreams.h">
      <Filter>Header Files</Filter>
    </ClInclude>
    <ClInclude Include="..\log4cplus\include\log4cplus\hierarchy.h">
      <Filter>Header Files</Filter>
    </ClInclude>
    <ClInclude Include="..\log4cplus\include\log4cplus\hierarchylocker.h">
      <Filter>Header Files</Filter>
    </ClInclude>
    <ClInclude Include="..\log4cplus\include\log4cplus\layout.h">
      <Filter>Header Files</Filter>
    </ClInclude>
    <ClInclude Include="..\log4cplus\include\log4cplus\log4judpappender.h">
      <Filter>Header Files</Filter>
    </ClInclude>
    <ClInclude Include="..\log4cplus\include\log4cplus\logger.h">
      <Filter>Header Files</Filter>
    </ClInclude>
    <ClInclude Include="..\log4cplus\include\log4cplus\loggingmacros.h">
      <Filter>Header Files</Filter>
    </ClInclude>
    <ClInclude Include="..\log4cplus\include\log4cplus\loglevel.h">
      <Filter>Header Files</Filter>
    </ClInclude>
    <ClInclude Include="..\log4cplus\include\log4cplus\mdc.h">
      <Filter>Header Files</Filter>
    </ClInclude>
    <ClInclude Include="..\log4cplus\include\log4cplus\ndc.h">
      <Filter>Header Files</Filter>
    </ClInclude>
    <ClInclude Include="..\log4cplus\include\log4cplus\nteventlogappender.h">
      <Filter>Header Files</Filter>
    </ClInclude>
    <ClInclude Include="..\log4cplus\include\log4cplus\nullappender.h">
      <Filter>Header Files</Filter>
    </ClInclude>
    <ClInclude Include="..\log4cplus\include\log4cplus\qt4debugappender.h">
      <Filter>Header Files</Filter>
    </ClInclude>
    <ClInclude Include="..\log4cplus\include\log4cplus\socketappender.h">
      <Filter>Header Files</Filter>
    </ClInclude>
    <ClInclude Include="..\log4cplus\include\log4cplus\streams.h">
      <Filter>Header Files</Filter>
    </ClInclude>
    <ClInclude Include="..\log4cplus\include\log4cplus\syslogappender.h">
      <Filter>Header Files</Filter>
    </ClInclude>
    <ClInclude Include="..\log4cplus\include\log4cplus\tchar.h">
      <Filter>Header Files</Filter>
    </ClInclude>
    <ClInclude Include="..\log4cplus\include\log4cplus\tracelogger.h">
      <Filter>Header Files</Filter>
    </ClInclude>
    <ClInclude Include="..\log4cplus\include\log4cplus\tstring.h">
      <Filter>Header Files</Filter>
    </ClInclude>
    <ClInclude Include="..\log4cplus\include\log4cplus\version.h">
      <Filter>Header Files</Filter>
    </ClInclude>
    <ClInclude Include="..\log4cplus\include\log4cplus\win32consoleappender.h">
      <Filter>Header Files</Filter>
    </ClInclude>
    <ClInclude Include="..\log4cplus\include\log4cplus\win32debugappender.h">
      <Filter>Header Files</Filter>
    </ClInclude>
  </ItemGroup>
</Project>